
Microsoft Visual Studio Solution File, Format Version 12.00
# Visual Studio Version 16
VisualStudioVersion = 16.0.30517.126
MinimumVisualStudioVersion = 10.0.40219.1
Project("{8BC9CEB8-8B4A-11D0-8D11-00A0C91BC942}") = "SGI2", "SGI2.vcxproj", "{58C96BC5-CFE2-423A-B587-DC17711A5A68}"
EndProject
Global
	GlobalSection(SolutionConfigurationPlatforms) = preSolution
		Debug|x64 = Debug|x64
		Debug|x86 = Debug|x86
		Release|x64 = Release|x64
		Release|x86 = Release|x86
	EndGlobalSection
	GlobalSection(ProjectConfigurationPlatforms) = postSolution
		{58C96BC5-CFE2-423A-B587-DC17711A5A68}.Debug|x64.ActiveCfg = Debug|x64
		{58C96BC5-CFE2-423A-B587-DC17711A5A68}.Debug|x64.Build.0 = Debug|x64
		{58C96BC5-CFE2-423A-B587-DC17711A5A68}.Debug|x86.ActiveCfg = Debug|Win32
		{58C96BC5-CFE2-423A-B587-DC17711A5A68}.Debug|x86.Build.0 = Debug|Win32
		{58C96BC5-CFE2-423A-B587-DC17711A5A68}.Release|x64.ActiveCfg = Release|x64
		{58C96BC5-CFE2-423A-B587-DC17711A5A68}.Release|x64.Build.0 = Release|x64
		{58C96BC5-CFE2-423A-B587-DC17711A5A68}.Release|x86.ActiveCfg = Release|Win32
		{58C96BC5-CFE2-423A-B587-DC17711A5A68}.Release|x86.Build.0 = Release|Win32
	EndGlobalSection
	GlobalSection(SolutionProperties) = preSolution
		HideSolutionNode = FALSE
	EndGlobalSection
	GlobalSection(ExtensibilityGlobals) = postSolution
		SolutionGuid = {8959F167-5AE3-4339-9562-74ADE92CD8B2}
	EndGlobalSection
EndGlobal
